
Microsoft Visual Studio Solution File, Format Version 12.00
# Visual Studio Version 16
VisualStudioVersion = 16.0.31402.337
MinimumVisualStudioVersion = 10.0.40219.1
Project("{9A19103F-16F7-4668-BE54-9A1E7A4F7556}") = "WebCalculator", "WebCalculator\WebCalculator.csproj", "{0C3E52DC-3BC8-4E18-8D61-52BB87C0E63F}"
EndProject
Global
	GlobalSection(SolutionConfigurationPlatforms) = preSolution
		Debug|Any CPU = Debug|Any CPU
		Release|Any CPU = Release|Any CPU
	EndGlobalSection
	GlobalSection(ProjectConfigurationPlatforms) = postSolution
		{0C3E52DC-3BC8-4E18-8D61-52BB87C0E63F}.Debug|Any CPU.ActiveCfg = Debug|Any CPU
		{0C3E52DC-3BC8-4E18-8D61-52BB87C0E63F}.Debug|Any CPU.Build.0 = Debug|Any CPU
		{0C3E52DC-3BC8-4E18-8D61-52BB87C0E63F}.Release|Any CPU.ActiveCfg = Release|Any CPU
		{0C3E52DC-3BC8-4E18-8D61-52BB87C0E63F}.Release|Any CPU.Build.0 = Release|Any CPU
	EndGlobalSection
	GlobalSection(SolutionProperties) = preSolution
		HideSolutionNode = FALSE
	EndGlobalSection
	GlobalSection(ExtensibilityGlobals) = postSolution
		SolutionGuid = {47303AA6-0DC4-4AD9-9977-1AD4794FAC66}
	EndGlobalSection
EndGlobal
